{
  "name": "vue-msal-browser",
  "version": "2.0.0",
  "lockfileVersion": 2,
  "requires": true,
  "packages": {
    "": {
      "name": "vue-msal-browser",
      "version": "2.0.0",
      "license": "MIT",
      "dependencies": {
        "@azure/msal-browser": "2",
        "vue": "^2.5.2"
      }
    },
    "node_modules/@azure/msal-browser": {
      "version": "2.20.0",
      "resolved": "https://registry.npmjs.org/@azure/msal-browser/-/msal-browser-2.20.0.tgz",
      "integrity": "sha512-Fl8boo38fPNlEm84fRCulbTfHJo+Z/i+1gcdJTG+PqmrkMOUVTdpkwznGh6ZQdAM34uumEgzukmqMr8lVKrytA==",
      "dependencies": {
        "@azure/msal-common": "^5.2.0"
      },
      "engines": {
        "node": ">=0.8.0"
      }
    },
    "node_modules/@azure/msal-common": {
      "version": "5.2.0",
      "resolved": "https://registry.npmjs.org/@azure/msal-common/-/msal-common-5.2.0.tgz",
      "integrity": "sha512-oVc4soy5MEZOp9NvCDqBk57mtiUTJXQQ8Z8S/4UiRQP8RG8snuCFQUs9xxdIfvl2FWIvgiBz+SMByyjTaRX42Q==",
      "dependencies": {
        "debug": "^4.1.1"
      },
      "engines": {
        "node": ">=0.8.0"
      }
    },
    "node_modules/debug": {
      "version": "4.3.3",
      "resolved": "https://registry.npmjs.org/debug/-/debug-4.3.3.tgz",
      "integrity": "sha512-/zxw5+vh1Tfv+4Qn7a5nsbcJKPaSvCDhojn6FEl9vupwK2VCSDtEiEtqr8DFtzYFOdz63LBkxec7DYuc2jon6Q==",
      "dependencies": {
        "ms": "2.1.2"
      },
      "engines": {
        "node": ">=6.0"
      },
      "peerDependenciesMeta": {
        "supports-color": {
          "optional": true
        }
      }
    },
    "node_modules/ms": {
      "version": "2.1.2",
      "resolved": "https://registry.npmjs.org/ms/-/ms-2.1.2.tgz",
      "integrity": "sha512-sGkPx+VjMtmA6MX27oA4FBFELFCZZ4S4XqeGOXCv68tT+jb3vk/RyaKWP0PTKyWtmLSM0b+adUTEvbs1PEaH2w=="
    },
    "node_modules/vue": {
      "version": "2.6.14",
      "resolved": "https://registry.npmjs.org/vue/-/vue-2.6.14.tgz",
      "integrity": "sha512-x2284lgYvjOMj3Za7kqzRcUSxBboHqtgRE2zlos1qWaOye5yUmHn42LB1250NJBLRwEcdrB0JRwyPTEPhfQjiQ=="
    }
  },
  "dependencies": {
    "@azure/msal-browser": {
      "version": "2.20.0",
      "resolved": "https://registry.npmjs.org/@azure/msal-browser/-/msal-browser-2.20.0.tgz",
      "integrity": "sha512-Fl8boo38fPNlEm84fRCulbTfHJo+Z/i+1gcdJTG+PqmrkMOUVTdpkwznGh6ZQdAM34uumEgzukmqMr8lVKrytA==",
      "requires": {
        "@azure/msal-common": "^5.2.0"
      }
    },
    "@azure/msal-common": {
      "version": "5.2.0",
      "resolved": "https://registry.npmjs.org/@azure/msal-common/-/msal-common-5.2.0.tgz",
      "integrity": "sha512-oVc4soy5MEZOp9NvCDqBk57mtiUTJXQQ8Z8S/4UiRQP8RG8snuCFQUs9xxdIfvl2FWIvgiBz+SMByyjTaRX42Q==",
      "requires": {
        "debug": "^4.1.1"
      }
    },
    "debug": {
      "version": "4.3.3",
      "resolved": "https://registry.npmjs.org/debug/-/debug-4.3.3.tgz",
      "integrity": "sha512-/zxw5+vh1Tfv+4Qn7a5nsbcJKPaSvCDhojn6FEl9vupwK2VCSDtEiEtqr8DFtzYFOdz63LBkxec7DYuc2jon6Q==",
      "requires": {
        "ms": "2.1.2"
      }
    },
    "ms": {
      "version": "2.1.2",
      "resolved": "https://registry.npmjs.org/ms/-/ms-2.1.2.tgz",
      "integrity": "sha512-sGkPx+VjMtmA6MX27oA4FBFELFCZZ4S4XqeGOXCv68tT+jb3vk/RyaKWP0PTKyWtmLSM0b+adUTEvbs1PEaH2w=="
    },
    "vue": {
      "version": "2.6.14",
      "resolved": "https://registry.npmjs.org/vue/-/vue-2.6.14.tgz",
      "integrity": "sha512-x2284lgYvjOMj3Za7kqzRcUSxBboHqtgRE2zlos1qWaOye5yUmHn42LB1250NJBLRwEcdrB0JRwyPTEPhfQjiQ=="
    }
  }
}
