{
    "name": "vue-msal-browser",
    "version": "1.0.5",
    "lockfileVersion": 1,
    "requires": true,
    "dependencies": {
        "@azure/msal-browser": {
            "version": "2.7.0",
            "resolved": "https://registry.npmjs.org/@azure/msal-browser/-/msal-browser-2.7.0.tgz",
            "integrity": "sha512-mTswpOf1IbEu70fMaJFZyGUzsx1oIdKLPE/CBCuTN3mh9CmYE3r8P/D/R0y7TqZiUYPN7BsxIA6umLce2qKZpQ==",
            "requires": {
                "@azure/msal-common": "^1.7.2"
            }
        },
        "@azure/msal-common": {
            "version": "1.7.2",
            "resolved": "https://registry.npmjs.org/@azure/msal-common/-/msal-common-1.7.2.tgz",
            "integrity": "sha512-3/voCdFKONENX+5tMrNOBSrVJb6NbE7YB8vc4FZ/4ZbjpK7GVtq9Bu1MW+HZhrmsUzSF/joHx0ZIJDYIequ/jg==",
            "requires": {
                "debug": "^4.1.1"
            }
        },
        "debug": {
            "version": "4.2.0",
            "resolved": "https://registry.npmjs.org/debug/-/debug-4.2.0.tgz",
            "integrity": "sha512-IX2ncY78vDTjZMFUdmsvIRFY2Cf4FnD0wRs+nQwJU8Lu99/tPFdb0VybiiMTPe3I6rQmwsqQqRBvxU+bZ/I8sg==",
            "requires": {
                "ms": "2.1.2"
            }
        },
        "ms": {
            "version": "2.1.2",
            "resolved": "https://registry.npmjs.org/ms/-/ms-2.1.2.tgz",
            "integrity": "sha512-sGkPx+VjMtmA6MX27oA4FBFELFCZZ4S4XqeGOXCv68tT+jb3vk/RyaKWP0PTKyWtmLSM0b+adUTEvbs1PEaH2w=="
        }
    }
}
